PODS:
  - GPUImage (0.1.7)
  - Remon-WebRTC-iOS (1.85.1)
  - RemoteMonster (2.7.10):
    - Remon-WebRTC-iOS (= 1.85.1)
    - SwiftProtobuf (= 1.9.0)
  - SwiftProtobuf (1.9.0)

DEPENDENCIES:
  - GPUImage
  - RemoteMonster (~> 2.7.10)

SPEC REPOS:
  trunk:
    - GPUImage
    - Remon-WebRTC-iOS
    - RemoteMonster
    - SwiftProtobuf

SPEC CHECKSUMS:
  GPUImage: 733a5f0fab92df9de1c37ba9df520a833ccb406d
  Remon-WebRTC-iOS: a06896b09255e6dccafce9561acc0a9870f2f948
  RemoteMonster: 9b64d7441d3a86afef2292811f095dfa05ec66b5
  SwiftProtobuf: ecbec1be9036d15655f6b3443a1c4ea693c97932

PODFILE CHECKSUM: f7a442a2f511d84ec9149f7aca8c884c258c364e

COCOAPODS: 1.9.3
