PODS:
  - GPUImage (0.1.7)
  - Remon-WebRTC-iOS (1.1041)
  - RemoteMonster (2.6.1):
    - Remon-WebRTC-iOS (= 1.1041)
    - SwiftProtobuf (= 1.5.0)
  - SwiftProtobuf (1.5.0)

DEPENDENCIES:
  - GPUImage
  - RemoteMonster (~> 2.6.1)

SPEC REPOS:
  https://github.com/cocoapods/specs.git:
    - GPUImage
    - Remon-WebRTC-iOS
    - RemoteMonster
    - SwiftProtobuf

SPEC CHECKSUMS:
  GPUImage: 733a5f0fab92df9de1c37ba9df520a833ccb406d
  Remon-WebRTC-iOS: 9310f0b2971e494e25fbff282f6ab642ac191450
  RemoteMonster: fbc57260973f6add1a82db9dd0c126752d6c4f77
  SwiftProtobuf: 241400280f912735c1e1b9fe675fdd2c6c4d42e2

PODFILE CHECKSUM: ce6ea06ead2fd55ae0abcfd051054745ab211a55

COCOAPODS: 1.7.3
