PODS:
  - GPUImage (0.1.7)
  - Remon-WebRTC-iOS (1.78.2)
  - RemoteMonster (2.7.0):
    - Remon-WebRTC-iOS (= 1.78.2)
    - SwiftProtobuf (= 1.7.0)
  - SwiftProtobuf (1.7.0)

DEPENDENCIES:
  - GPUImage
  - RemoteMonster (~> 2.7.0)

SPEC REPOS:
  trunk:
    - GPUImage
    - Remon-WebRTC-iOS
    - RemoteMonster
    - SwiftProtobuf

SPEC CHECKSUMS:
  GPUImage: 733a5f0fab92df9de1c37ba9df520a833ccb406d
  Remon-WebRTC-iOS: 755df34335529e10344cc97b96b5c7e85f734ba1
  RemoteMonster: 53a2e7f61c05bcc78d3e5f9775e1a67f687d673d
  SwiftProtobuf: 4fd9645e69b72cbae6ec8da5be0cdd20ca6565dd

PODFILE CHECKSUM: 47542928befab563bd64933232b3a56d9182dd67

COCOAPODS: 1.9.1
