PODS:
  - GoogleWebRTC (1.1.22700)
  - RemoteMonster (2.0.4):
    - GoogleWebRTC (= 1.1.22700)

DEPENDENCIES:
  - RemoteMonster (~> 2.0)

SPEC CHECKSUMS:
  GoogleWebRTC: 34bafb658881a38db4c8198f6195f2794019684a
  RemoteMonster: 38a95a8fccb5c7372753fbc96b54f69c4c4cd8db

PODFILE CHECKSUM: 3469543317fa3b0582a3a78f1883db1e4578d5df

COCOAPODS: 1.4.0
