// !$*UTF8*$!
{
	archiveVersion = 1;
	classes = {
	};
	objectVersion = 50;
	objects = {

/* Begin PBXBuildFile section */
		0B5CB5D820B27F6600FB2BFE /* SimpleCastViewer.swift in Sources */ = {isa = PBXBuildFile; fileRef = 0B5CB5D720B27F6500FB2BFE /* SimpleCastViewer.swift */; };
		0B5CB5DA20B27F6D00FB2BFE /* SimpleVideoCast.swift in Sources */ = {isa = PBXBuildFile; fileRef = 0B5CB5D920B27F6D00FB2BFE /* SimpleVideoCast.swift */; };
		0B5CB5DC20B288B000FB2BFE /* SampleSerchTableViewController.swift in Sources */ = {isa = PBXBuildFile; fileRef = 0B5CB5DB20B288B000FB2BFE /* SampleSerchTableViewController.swift */; };
		0BA0AF9420A9700700DEA203 /* AppDelegate.swift in Sources */ = {isa = PBXBuildFile; fileRef = 0BA0AF9320A9700700DEA203 /* AppDelegate.swift */; };
		0BA0AF9620A9700700DEA203 /* ViewController.swift in Sources */ = {isa = PBXBuildFile; fileRef = 0BA0AF9520A9700700DEA203 /* ViewController.swift */; };
		0BA0AF9920A9700700DEA203 /* Main.storyboard in Resources */ = {isa = PBXBuildFile; fileRef = 0BA0AF9720A9700700DEA203 /* Main.storyboard */; };
		0BA0AF9B20A9700900DEA203 /* Assets.xcassets in Resources */ = {isa = PBXBuildFile; fileRef = 0BA0AF9A20A9700900DEA203 /* Assets.xcassets */; };
		0BA0AF9E20A9700900DEA203 /* LaunchScreen.storyboard in Resources */ = {isa = PBXBuildFile; fileRef = 0BA0AF9C20A9700900DEA203 /* LaunchScreen.storyboard */; };
		0BA0AFAA20A9726200DEA203 /* VTableViewController.swift in Sources */ = {isa = PBXBuildFile; fileRef = 0BA0AFA520A9726200DEA203 /* VTableViewController.swift */; };
		0BA0AFAD20A9726200DEA203 /* SimpleVoiceCast.swift in Sources */ = {isa = PBXBuildFile; fileRef = 0BA0AFA820A9726200DEA203 /* SimpleVoiceCast.swift */; };
		0BA0AFAE20A9726200DEA203 /* SimpleCallViewController.swift in Sources */ = {isa = PBXBuildFile; fileRef = 0BA0AFA920A9726200DEA203 /* SimpleCallViewController.swift */; };
		5DD5EF375F3007BC204E0EA9 /* Pods_SampleV2.framework in Frameworks */ = {isa = PBXBuildFile; fileRef = 8E9B747C5E4BCE850BCA6B22 /* Pods_SampleV2.framework */; };
/* End PBXBuildFile section */

/* Begin PBXFileReference section */
		0B5CB5D720B27F6500FB2BFE /* SimpleCastViewer.swift */ = {isa = PBXFileReference; fileEncoding = 4; lastKnownFileType = sourcecode.swift; path = SimpleCastViewer.swift; sourceTree = "<group>"; };
		0B5CB5D920B27F6D00FB2BFE /* SimpleVideoCast.swift */ = {isa = PBXFileReference; fileEncoding = 4; lastKnownFileType = sourcecode.swift; path = SimpleVideoCast.swift; sourceTree = "<group>"; };
		0B5CB5DB20B288B000FB2BFE /* SampleSerchTableViewController.swift */ = {isa = PBXFileReference; lastKnownFileType = sourcecode.swift; path = SampleSerchTableViewController.swift; sourceTree = "<group>"; };
		0BA0AF9020A9700700DEA203 /* SampleV2.app */ = {isa = PBXFileReference; explicitFileType = wrapper.application; includeInIndex = 0; path = SampleV2.app; sourceTree = BUILT_PRODUCTS_DIR; };
		0BA0AF9320A9700700DEA203 /* AppDelegate.swift */ = {isa = PBXFileReference; lastKnownFileType = sourcecode.swift; path = AppDelegate.swift; sourceTree = "<group>"; };
		0BA0AF9520A9700700DEA203 /* ViewController.swift */ = {isa = PBXFileReference; lastKnownFileType = sourcecode.swift; path = ViewController.swift; sourceTree = "<group>"; };
		0BA0AF9820A9700700DEA203 /* Base */ = {isa = PBXFileReference; lastKnownFileType = file.storyboard; name = Base; path = Base.lproj/Main.storyboard; sourceTree = "<group>"; };
		0BA0AF9A20A9700900DEA203 /* Assets.xcassets */ = {isa = PBXFileReference; lastKnownFileType = folder.assetcatalog; path = Assets.xcassets; sourceTree = "<group>"; };
		0BA0AF9D20A9700900DEA203 /* Base */ = {isa = PBXFileReference; lastKnownFileType = file.storyboard; name = Base; path = Base.lproj/LaunchScreen.storyboard; sourceTree = "<group>"; };
		0BA0AF9F20A9700900DEA203 /* Info.plist */ = {isa = PBXFileReference; lastKnownFileType = text.plist.xml; path = Info.plist; sourceTree = "<group>"; };
		0BA0AFA520A9726200DEA203 /* VTableViewController.swift */ = {isa = PBXFileReference; fileEncoding = 4; lastKnownFileType = sourcecode.swift; path = VTableViewController.swift; sourceTree = "<group>"; };
		0BA0AFA820A9726200DEA203 /* SimpleVoiceCast.swift */ = {isa = PBXFileReference; fileEncoding = 4; lastKnownFileType = sourcecode.swift; path = SimpleVoiceCast.swift; sourceTree = "<group>"; };
		0BA0AFA920A9726200DEA203 /* SimpleCallViewController.swift */ = {isa = PBXFileReference; fileEncoding = 4; lastKnownFileType = sourcecode.swift; path = SimpleCallViewController.swift; sourceTree = "<group>"; };
		8E2495D96555C2933C432F85 /* Pods-SampleV2.debug.xcconfig */ = {isa = PBXFileReference; includeInIndex = 1; lastKnownFileType = text.xcconfig; name = "Pods-SampleV2.debug.xcconfig"; path = "Pods/Target Support Files/Pods-SampleV2/Pods-SampleV2.debug.xcconfig"; sourceTree = "<group>"; };
		8E9B747C5E4BCE850BCA6B22 /* Pods_SampleV2.framework */ = {isa = PBXFileReference; explicitFileType = wrapper.framework; includeInIndex = 0; path = Pods_SampleV2.framework; sourceTree = BUILT_PRODUCTS_DIR; };
		DED9FC084CB8DE23D5A00362 /* Pods-SampleV2.release.xcconfig */ = {isa = PBXFileReference; includeInIndex = 1; lastKnownFileType = text.xcconfig; name = "Pods-SampleV2.release.xcconfig"; path = "Pods/Target Support Files/Pods-SampleV2/Pods-SampleV2.release.xcconfig"; sourceTree = "<group>"; };
/* End PBXFileReference section */

/* Begin PBXFrameworksBuildPhase section */
		0BA0AF8D20A9700700DEA203 /* Frameworks */ = {
			isa = PBXFrameworksBuildPhase;
			buildActionMask = 2147483647;
			files = (
				5DD5EF375F3007BC204E0EA9 /* Pods_SampleV2.framework in Frameworks */,
			);
			runOnlyForDeploymentPostprocessing = 0;
		};
/* End PBXFrameworksBuildPhase section */

/* Begin PBXGroup section */
		0BA0AF8720A9700700DEA203 = {
			isa = PBXGroup;
			children = (
				0BA0AF9220A9700700DEA203 /* SampleV2 */,
				0BA0AF9120A9700700DEA203 /* Products */,
				8322D69B4586F7A47D8D4D87 /* Pods */,
				61506248230B4EAB7E317792 /* Frameworks */,
			);
			sourceTree = "<group>";
		};
		0BA0AF9120A9700700DEA203 /* Products */ = {
			isa = PBXGroup;
			children = (
				0BA0AF9020A9700700DEA203 /* SampleV2.app */,
			);
			name = Products;
			sourceTree = "<group>";
		};
		0BA0AF9220A9700700DEA203 /* SampleV2 */ = {
			isa = PBXGroup;
			children = (
				0BA0AFA820A9726200DEA203 /* SimpleVoiceCast.swift */,
				0B5CB5D720B27F6500FB2BFE /* SimpleCastViewer.swift */,
				0B5CB5D920B27F6D00FB2BFE /* SimpleVideoCast.swift */,
				0BA0AFA920A9726200DEA203 /* SimpleCallViewController.swift */,
				0BA0AFA520A9726200DEA203 /* VTableViewController.swift */,
				0BA0AF9320A9700700DEA203 /* AppDelegate.swift */,
				0BA0AF9520A9700700DEA203 /* ViewController.swift */,
				0BA0AF9720A9700700DEA203 /* Main.storyboard */,
				0BA0AF9A20A9700900DEA203 /* Assets.xcassets */,
				0BA0AF9C20A9700900DEA203 /* LaunchScreen.storyboard */,
				0BA0AF9F20A9700900DEA203 /* Info.plist */,
				0B5CB5DB20B288B000FB2BFE /* SampleSerchTableViewController.swift */,
			);
			path = SampleV2;
			sourceTree = "<group>";
		};
		61506248230B4EAB7E317792 /* Frameworks */ = {
			isa = PBXGroup;
			children = (
				8E9B747C5E4BCE850BCA6B22 /* Pods_SampleV2.framework */,
			);
			name = Frameworks;
			sourceTree = "<group>";
		};
		8322D69B4586F7A47D8D4D87 /* Pods */ = {
			isa = PBXGroup;
			children = (
				8E2495D96555C2933C432F85 /* Pods-SampleV2.debug.xcconfig */,
				DED9FC084CB8DE23D5A00362 /* Pods-SampleV2.release.xcconfig */,
			);
			name = Pods;
			sourceTree = "<group>";
		};
/* End PBXGroup section */

/* Begin PBXNativeTarget section */
		0BA0AF8F20A9700700DEA203 /* SampleV2 */ = {
			isa = PBXNativeTarget;
			buildConfigurationList = 0BA0AFA220A9700900DEA203 /* Build configuration list for PBXNativeTarget "SampleV2" */;
			buildPhases = (
				A000C3D32A3CA753B82A37C0 /* [CP] Check Pods Manifest.lock */,
				0BA0AF8C20A9700700DEA203 /* Sources */,
				0BA0AF8D20A9700700DEA203 /* Frameworks */,
				0BA0AF8E20A9700700DEA203 /* Resources */,
				2C3550C3811369EEE94B9B23 /* [CP] Embed Pods Frameworks */,
				7509AB419FBFBFFB00E4BDA3 /* [CP] Copy Pods Resources */,
			);
			buildRules = (
			);
			dependencies = (
			);
			name = SampleV2;
			productName = SampleV2;
			productReference = 0BA0AF9020A9700700DEA203 /* SampleV2.app */;
			productType = "com.apple.product-type.application";
		};
/* End PBXNativeTarget section */

/* Begin PBXProject section */
		0BA0AF8820A9700700DEA203 /* Project object */ = {
			isa = PBXProject;
			attributes = {
				LastSwiftUpdateCheck = 0930;
				LastUpgradeCheck = 0930;
				ORGANIZATIONNAME = Remon;
				TargetAttributes = {
					0BA0AF8F20A9700700DEA203 = {
						CreatedOnToolsVersion = 9.3;
					};
				};
			};
			buildConfigurationList = 0BA0AF8B20A9700700DEA203 /* Build configuration list for PBXProject "SampleV2" */;
			compatibilityVersion = "Xcode 9.3";
			developmentRegion = en;
			hasScannedForEncodings = 0;
			knownRegions = (
				en,
				Base,
			);
			mainGroup = 0BA0AF8720A9700700DEA203;
			productRefGroup = 0BA0AF9120A9700700DEA203 /* Products */;
			projectDirPath = "";
			projectRoot = "";
			targets = (
				0BA0AF8F20A9700700DEA203 /* SampleV2 */,
			);
		};
/* End PBXProject section */

/* Begin PBXResourcesBuildPhase section */
		0BA0AF8E20A9700700DEA203 /* Resources */ = {
			isa = PBXResourcesBuildPhase;
			buildActionMask = 2147483647;
			files = (
				0BA0AF9E20A9700900DEA203 /* LaunchScreen.storyboard in Resources */,
				0BA0AF9B20A9700900DEA203 /* Assets.xcassets in Resources */,
				0BA0AF9920A9700700DEA203 /* Main.storyboard in Resources */,
			);
			runOnlyForDeploymentPostprocessing = 0;
		};
/* End PBXResourcesBuildPhase section */

/* Begin PBXShellScriptBuildPhase section */
		2C3550C3811369EEE94B9B23 /* [CP] Embed Pods Frameworks */ = {
			isa = PBXShellScriptBuildPhase;
			buildActionMask = 2147483647;
			files = (
			);
			inputPaths = (
				"${SRCROOT}/Pods/Target Support Files/Pods-SampleV2/Pods-SampleV2-frameworks.sh",
				"${PODS_ROOT}/GoogleWebRTC/Frameworks/frameworks/WebRTC.framework",
				"${PODS_ROOT}/RemoteMonster/Remon.framework",
				"${PODS_ROOT}/RemoteMonster/Remon.framework.dSYM",
			);
			name = "[CP] Embed Pods Frameworks";
			outputPaths = (
				"${TARGET_BUILD_DIR}/${FRAMEWORKS_FOLDER_PATH}/WebRTC.framework",
				"${TARGET_BUILD_DIR}/${FRAMEWORKS_FOLDER_PATH}/Remon.framework",
				"${DWARF_DSYM_FOLDER_PATH}/Remon.framework.dSYM",
			);
			runOnlyForDeploymentPostprocessing = 0;
			shellPath = /bin/sh;
			shellScript = "\"${SRCROOT}/Pods/Target Support Files/Pods-SampleV2/Pods-SampleV2-frameworks.sh\"\n";
			showEnvVarsInLog = 0;
		};
		7509AB419FBFBFFB00E4BDA3 /* [CP] Copy Pods Resources */ = {
			isa = PBXShellScriptBuildPhase;
			buildActionMask = 2147483647;
			files = (
			);
			inputPaths = (
			);
			name = "[CP] Copy Pods Resources";
			outputPaths = (
			);
			runOnlyForDeploymentPostprocessing = 0;
			shellPath = /bin/sh;
			shellScript = "\"${SRCROOT}/Pods/Target Support Files/Pods-SampleV2/Pods-SampleV2-resources.sh\"\n";
			showEnvVarsInLog = 0;
		};
		A000C3D32A3CA753B82A37C0 /* [CP] Check Pods Manifest.lock */ = {
			isa = PBXShellScriptBuildPhase;
			buildActionMask = 2147483647;
			files = (
			);
			inputPaths = (
				"${PODS_PODFILE_DIR_PATH}/Podfile.lock",
				"${PODS_ROOT}/Manifest.lock",
			);
			name = "[CP] Check Pods Manifest.lock";
			outputPaths = (
				"$(DERIVED_FILE_DIR)/Pods-SampleV2-checkManifestLockResult.txt",
			);
			runOnlyForDeploymentPostprocessing = 0;
			shellPath = /bin/sh;
			shellScript = "diff \"${PODS_PODFILE_DIR_PATH}/Podfile.lock\" \"${PODS_ROOT}/Manifest.lock\" > /dev/null\nif [ $? != 0 ] ; then\n    # print error to STDERR\n    echo \"error: The sandbox is not in sync with the Podfile.lock. Run 'pod install' or update your CocoaPods installation.\" >&2\n    exit 1\nfi\n# This output is used by Xcode 'outputs' to avoid re-running this script phase.\necho \"SUCCESS\" > \"${SCRIPT_OUTPUT_FILE_0}\"\n";
			showEnvVarsInLog = 0;
		};
/* End PBXShellScriptBuildPhase section */

/* Begin PBXSourcesBuildPhase section */
		0BA0AF8C20A9700700DEA203 /* Sources */ = {
			isa = PBXSourcesBuildPhase;
			buildActionMask = 2147483647;
			files = (
				0BA0AF9620A9700700DEA203 /* ViewController.swift in Sources */,
				0BA0AFAD20A9726200DEA203 /* SimpleVoiceCast.swift in Sources */,
				0B5CB5DA20B27F6D00FB2BFE /* SimpleVideoCast.swift in Sources */,
				0B5CB5D820B27F6600FB2BFE /* SimpleCastViewer.swift in Sources */,
				0BA0AFAA20A9726200DEA203 /* VTableViewController.swift in Sources */,
				0B5CB5DC20B288B000FB2BFE /* SampleSerchTableViewController.swift in Sources */,
				0BA0AF9420A9700700DEA203 /* AppDelegate.swift in Sources */,
				0BA0AFAE20A9726200DEA203 /* SimpleCallViewController.swift in Sources */,
			);
			runOnlyForDeploymentPostprocessing = 0;
		};
/* End PBXSourcesBuildPhase section */

/* Begin PBXVariantGroup section */
		0BA0AF9720A9700700DEA203 /* Main.storyboard */ = {
			isa = PBXVariantGroup;
			children = (
				0BA0AF9820A9700700DEA203 /* Base */,
			);
			name = Main.storyboard;
			sourceTree = "<group>";
		};
		0BA0AF9C20A9700900DEA203 /* LaunchScreen.storyboard */ = {
			isa = PBXVariantGroup;
			children = (
				0BA0AF9D20A9700900DEA203 /* Base */,
			);
			name = LaunchScreen.storyboard;
			sourceTree = "<group>";
		};
/* End PBXVariantGroup section */

/* Begin XCBuildConfiguration section */
		0BA0AFA020A9700900DEA203 /* Debug */ = {
			isa = XCBuildConfiguration;
			buildSettings = {
				ALWAYS_SEARCH_USER_PATHS = NO;
				CLANG_ANALYZER_NONNULL = YES;
				CLANG_ANALYZER_NUMBER_OBJECT_CONVERSION = YES_AGGRESSIVE;
				CLANG_CXX_LANGUAGE_STANDARD = "gnu++14";
				CLANG_CXX_LIBRARY = "libc++";
				CLANG_ENABLE_MODULES = YES;
				CLANG_ENABLE_OBJC_ARC = YES;
				CLANG_ENABLE_OBJC_WEAK = YES;
				CLANG_WARN_BLOCK_CAPTURE_AUTORELEASING = YES;
				CLANG_WARN_BOOL_CONVERSION = YES;
				CLANG_WARN_COMMA = YES;
				CLANG_WARN_CONSTANT_CONVERSION = YES;
				CLANG_WARN_DEPRECATED_OBJC_IMPLEMENTATIONS = YES;
				CLANG_WARN_DIRECT_OBJC_ISA_USAGE = YES_ERROR;
				CLANG_WARN_DOCUMENTATION_COMMENTS = YES;
				CLANG_WARN_EMPTY_BODY = YES;
				CLANG_WARN_ENUM_CONVERSION = YES;
				CLANG_WARN_INFINITE_RECURSION = YES;
				CLANG_WARN_INT_CONVERSION = YES;
				CLANG_WARN_NON_LITERAL_NULL_CONVERSION = YES;
				CLANG_WARN_OBJC_IMPLICIT_RETAIN_SELF = YES;
				CLANG_WARN_OBJC_LITERAL_CONVERSION = YES;
				CLANG_WARN_OBJC_ROOT_CLASS = YES_ERROR;
				CLANG_WARN_RANGE_LOOP_ANALYSIS = YES;
				CLANG_WARN_STRICT_PROTOTYPES = YES;
				CLANG_WARN_SUSPICIOUS_MOVE = YES;
				CLANG_WARN_UNGUARDED_AVAILABILITY = YES_AGGRESSIVE;
				CLANG_WARN_UNREACHABLE_CODE = YES;
				CLANG_WARN__DUPLICATE_METHOD_MATCH = YES;
				CODE_SIGN_IDENTITY = "iPhone Developer";
				COPY_PHASE_STRIP = NO;
				DEBUG_INFORMATION_FORMAT = dwarf;
				ENABLE_STRICT_OBJC_MSGSEND = YES;
				ENABLE_TESTABILITY = YES;
				GCC_C_LANGUAGE_STANDARD = gnu11;
				GCC_DYNAMIC_NO_PIC = NO;
				GCC_NO_COMMON_BLOCKS = YES;
				GCC_OPTIMIZATION_LEVEL = 0;
				GCC_PREPROCESSOR_DEFINITIONS = (
					"DEBUG=1",
					"$(inherited)",
				);
				GCC_WARN_64_TO_32_BIT_CONVERSION = YES;
				GCC_WARN_ABOUT_RETURN_TYPE = YES_ERROR;
				GCC_WARN_UNDECLARED_SELECTOR = YES;
				GCC_WARN_UNINITIALIZED_AUTOS = YES_AGGRESSIVE;
				GCC_WARN_UNUSED_FUNCTION = YES;
				GCC_WARN_UNUSED_VARIABLE = YES;
				IPHONEOS_DEPLOYMENT_TARGET = 11.3;
				MTL_ENABLE_DEBUG_INFO = YES;
				ONLY_ACTIVE_ARCH = YES;
				SDKROOT = iphoneos;
				SWIFT_ACTIVE_COMPILATION_CONDITIONS = DEBUG;
				SWIFT_OPTIMIZATION_LEVEL = "-Onone";
			};
			name = Debug;
		};
		0BA0AFA120A9700900DEA203 /* Release */ = {
			isa = XCBuildConfiguration;
			buildSettings = {
				ALWAYS_SEARCH_USER_PATHS = NO;
				CLANG_ANALYZER_NONNULL = YES;
				CLANG_ANALYZER_NUMBER_OBJECT_CONVERSION = YES_AGGRESSIVE;
				CLANG_CXX_LANGUAGE_STANDARD = "gnu++14";
				CLANG_CXX_LIBRARY = "libc++";
				CLANG_ENABLE_MODULES = YES;
				CLANG_ENABLE_OBJC_ARC = YES;
				CLANG_ENABLE_OBJC_WEAK = YES;
				CLANG_WARN_BLOCK_CAPTURE_AUTORELEASING = YES;
				CLANG_WARN_BOOL_CONVERSION = YES;
				CLANG_WARN_COMMA = YES;
				CLANG_WARN_CONSTANT_CONVERSION = YES;
				CLANG_WARN_DEPRECATED_OBJC_IMPLEMENTATIONS = YES;
				CLANG_WARN_DIRECT_OBJC_ISA_USAGE = YES_ERROR;
				CLANG_WARN_DOCUMENTATION_COMMENTS = YES;
				CLANG_WARN_EMPTY_BODY = YES;
				CLANG_WARN_ENUM_CONVERSION = YES;
				CLANG_WARN_INFINITE_RECURSION = YES;
				CLANG_WARN_INT_CONVERSION = YES;
				CLANG_WARN_NON_LITERAL_NULL_CONVERSION = YES;
				CLANG_WARN_OBJC_IMPLICIT_RETAIN_SELF = YES;
				CLANG_WARN_OBJC_LITERAL_CONVERSION = YES;
				CLANG_WARN_OBJC_ROOT_CLASS = YES_ERROR;
				CLANG_WARN_RANGE_LOOP_ANALYSIS = YES;
				CLANG_WARN_STRICT_PROTOTYPES = YES;
				CLANG_WARN_SUSPICIOUS_MOVE = YES;
				CLANG_WARN_UNGUARDED_AVAILABILITY = YES_AGGRESSIVE;
				CLANG_WARN_UNREACHABLE_CODE = YES;
				CLANG_WARN__DUPLICATE_METHOD_MATCH = YES;
				CODE_SIGN_IDENTITY = "iPhone Developer";
				COPY_PHASE_STRIP = NO;
				DEBUG_INFORMATION_FORMAT = "dwarf-with-dsym";
				ENABLE_NS_ASSERTIONS = NO;
				ENABLE_STRICT_OBJC_MSGSEND = YES;
				GCC_C_LANGUAGE_STANDARD = gnu11;
				GCC_NO_COMMON_BLOCKS = YES;
				GCC_WARN_64_TO_32_BIT_CONVERSION = YES;
				GCC_WARN_ABOUT_RETURN_TYPE = YES_ERROR;
				GCC_WARN_UNDECLARED_SELECTOR = YES;
				GCC_WARN_UNINITIALIZED_AUTOS = YES_AGGRESSIVE;
				GCC_WARN_UNUSED_FUNCTION = YES;
				GCC_WARN_UNUSED_VARIABLE = YES;
				IPHONEOS_DEPLOYMENT_TARGET = 11.3;
				MTL_ENABLE_DEBUG_INFO = NO;
				SDKROOT = iphoneos;
				SWIFT_COMPILATION_MODE = wholemodule;
				SWIFT_OPTIMIZATION_LEVEL = "-O";
				VALIDATE_PRODUCT = YES;
			};
			name = Release;
		};
		0BA0AFA320A9700900DEA203 /* Debug */ = {
			isa = XCBuildConfiguration;
			baseConfigurationReference = 8E2495D96555C2933C432F85 /* Pods-SampleV2.debug.xcconfig */;
			buildSettings = {
				ASSETCATALOG_COMPILER_APPICON_NAME = AppIcon;
				CODE_SIGN_STYLE = Automatic;
				DEVELOPMENT_TEAM = 5JQ6TYMKLC;
				ENABLE_BITCODE = NO;
				INFOPLIST_FILE = SampleV2/Info.plist;
				IPHONEOS_DEPLOYMENT_TARGET = 10.3;
				LD_RUNPATH_SEARCH_PATHS = "$(inherited) @executable_path/Frameworks";
				PRODUCT_BUNDLE_IDENTIFIER = com.remotemonster.SampleV2;
				PRODUCT_NAME = "$(TARGET_NAME)";
				SWIFT_VERSION = 4.0;
				TARGETED_DEVICE_FAMILY = "1,2";
			};
			name = Debug;
		};
		0BA0AFA420A9700900DEA203 /* Release */ = {
			isa = XCBuildConfiguration;
			baseConfigurationReference = DED9FC084CB8DE23D5A00362 /* Pods-SampleV2.release.xcconfig */;
			buildSettings = {
				ASSETCATALOG_COMPILER_APPICON_NAME = AppIcon;
				CODE_SIGN_STYLE = Automatic;
				DEVELOPMENT_TEAM = 5JQ6TYMKLC;
				ENABLE_BITCODE = NO;
				INFOPLIST_FILE = SampleV2/Info.plist;
				IPHONEOS_DEPLOYMENT_TARGET = 10.3;
				LD_RUNPATH_SEARCH_PATHS = "$(inherited) @executable_path/Frameworks";
				PRODUCT_BUNDLE_IDENTIFIER = com.remotemonster.SampleV2;
				PRODUCT_NAME = "$(TARGET_NAME)";
				SWIFT_VERSION = 4.0;
				TARGETED_DEVICE_FAMILY = "1,2";
			};
			name = Release;
		};
/* End XCBuildConfiguration section */

/* Begin XCConfigurationList section */
		0BA0AF8B20A9700700DEA203 /* Build configuration list for PBXProject "SampleV2" */ = {
			isa = XCConfigurationList;
			buildConfigurations = (
				0BA0AFA020A9700900DEA203 /* Debug */,
				0BA0AFA120A9700900DEA203 /* Release */,
			);
			defaultConfigurationIsVisible = 0;
			defaultConfigurationName = Release;
		};
		0BA0AFA220A9700900DEA203 /* Build configuration list for PBXNativeTarget "SampleV2" */ = {
			isa = XCConfigurationList;
			buildConfigurations = (
				0BA0AFA320A9700900DEA203 /* Debug */,
				0BA0AFA420A9700900DEA203 /* Release */,
			);
			defaultConfigurationIsVisible = 0;
			defaultConfigurationName = Release;
		};
/* End XCConfigurationList section */
	};
	rootObject = 0BA0AF8820A9700700DEA203 /* Project object */;
}
