PODS:
  - Remon-WebRTC-iOS (1.86.1)
  - RemoteMonster (2.7.11):
    - Remon-WebRTC-iOS (= 1.86.1)
    - SwiftProtobuf (= 1.9.0)
  - SwiftProtobuf (1.9.0)

DEPENDENCIES:
  - RemoteMonster (~> 2.7.11)

SPEC REPOS:
  trunk:
    - Remon-WebRTC-iOS
    - RemoteMonster
    - SwiftProtobuf

SPEC CHECKSUMS:
  Remon-WebRTC-iOS: d81f92da38c2fe24f1ae2f3139dd3c69e505f1d8
  RemoteMonster: 34401710e97bafd917897f3f0711f6a45017a47f
  SwiftProtobuf: ecbec1be9036d15655f6b3443a1c4ea693c97932

PODFILE CHECKSUM: 85578542aa9567ecaf9c22d175739422914a923b

COCOAPODS: 1.9.3
