PODS:
  - Remon-WebRTC-iOS (1.1.29078)
  - RemoteMonster (2.6.12):
    - Remon-WebRTC-iOS (= 1.1.29078)
    - SwiftProtobuf (= 1.7.0)
  - SwiftProtobuf (1.7.0)

DEPENDENCIES:
  - RemoteMonster (~> 2.6.12)

SPEC REPOS:
  trunk:
    - Remon-WebRTC-iOS
    - RemoteMonster
    - SwiftProtobuf

SPEC CHECKSUMS:
  Remon-WebRTC-iOS: 65ff68ba0cf8f9dcd4ae3a9aa4dbd2698545cbcb
  RemoteMonster: 5f6862989ff16efadfd89fbe5eb5e027f7e06433
  SwiftProtobuf: 4fd9645e69b72cbae6ec8da5be0cdd20ca6565dd

PODFILE CHECKSUM: 8ba5e560083d154e759e9c5a99593f5bac4870d0

COCOAPODS: 1.8.4
