PODS:
  - Remon-WebRTC-iOS (1.86.2)
  - RemoteMonster (2.7.15):
    - Remon-WebRTC-iOS (= 1.86.2)
    - SwiftProtobuf (= 1.9.0)
  - SwiftProtobuf (1.9.0)

DEPENDENCIES:
  - RemoteMonster (~> 2.7.13)

SPEC REPOS:
  trunk:
    - Remon-WebRTC-iOS
    - RemoteMonster
    - SwiftProtobuf

SPEC CHECKSUMS:
  Remon-WebRTC-iOS: 045106311d663fd7dfd7e8e2c78153b22d802c94
  RemoteMonster: 4079981266d8bd923e8af7d98479233a6fdc0359
  SwiftProtobuf: ecbec1be9036d15655f6b3443a1c4ea693c97932

PODFILE CHECKSUM: 68c5054cf0d380dec90c9f9d56c5d0579e30af35

COCOAPODS: 1.10.1
