PODS:
  - Remon-WebRTC-iOS (1.86.2)
  - RemoteMonster (2.7.17):
    - Remon-WebRTC-iOS (= 1.86.2)

DEPENDENCIES:
  - RemoteMonster (~> 2.7.17)

SPEC REPOS:
  trunk:
    - Remon-WebRTC-iOS
    - RemoteMonster

SPEC CHECKSUMS:
  Remon-WebRTC-iOS: 045106311d663fd7dfd7e8e2c78153b22d802c94
  RemoteMonster: 4b3721a2595debfea071a308d9758bd4ce169378

PODFILE CHECKSUM: bf24df14d775c1caaa8443bd22ec713777693d7e

COCOAPODS: 1.11.2
