PODS:
  - Remon-WebRTC-iOS (1.1041)
  - RemoteMonster (2.6.10):
    - Remon-WebRTC-iOS (= 1.1041)
    - SwiftProtobuf (= 1.7.0)
  - SwiftProtobuf (1.7.0)

DEPENDENCIES:
  - RemoteMonster (~> 2.6.10)

SPEC REPOS:
  trunk:
    - Remon-WebRTC-iOS
    - RemoteMonster
    - SwiftProtobuf

SPEC CHECKSUMS:
  Remon-WebRTC-iOS: 9310f0b2971e494e25fbff282f6ab642ac191450
  RemoteMonster: b9095ebf005c878770a4905534414d902ef80175
  SwiftProtobuf: 4fd9645e69b72cbae6ec8da5be0cdd20ca6565dd

PODFILE CHECKSUM: c03adfe186e855d1be20fb72b570d902d4d76729

COCOAPODS: 1.8.1
