PODS:
  - Remon-WebRTC-iOS (1.0.29078.2)
  - RemoteMonster (2.6.14):
    - Remon-WebRTC-iOS (= 1.0.29078.2)
    - SwiftProtobuf (= 1.7.0)
  - SwiftProtobuf (1.7.0)

DEPENDENCIES:
  - RemoteMonster (~> 2.6.14)

SPEC REPOS:
  trunk:
    - Remon-WebRTC-iOS
    - RemoteMonster
    - SwiftProtobuf

SPEC CHECKSUMS:
  Remon-WebRTC-iOS: f91956edb852431c6339b0caab067db20314c1ce
  RemoteMonster: 2e7b452096da83cc9b7d1149ec92171c7fc91cba
  SwiftProtobuf: 4fd9645e69b72cbae6ec8da5be0cdd20ca6565dd

PODFILE CHECKSUM: 8649428384d19d8ea9bbd5a012b8b172c7b82ed1

COCOAPODS: 1.8.4
