PODS:
  - Remon-WebRTC-iOS (1.78.2)
  - RemoteMonster (2.7.3):
    - Remon-WebRTC-iOS (= 1.78.2)
    - SwiftProtobuf (= 1.7.0)
  - SwiftProtobuf (1.7.0)

DEPENDENCIES:
  - RemoteMonster (~> 2.7.3)

SPEC REPOS:
  trunk:
    - Remon-WebRTC-iOS
    - RemoteMonster
    - SwiftProtobuf

SPEC CHECKSUMS:
  Remon-WebRTC-iOS: 755df34335529e10344cc97b96b5c7e85f734ba1
  RemoteMonster: 44b8765e8e228782333799da8fbc223af83dd8df
  SwiftProtobuf: 4fd9645e69b72cbae6ec8da5be0cdd20ca6565dd

PODFILE CHECKSUM: f98e655c27be6413065d8e8213e1ee86ef998bee

COCOAPODS: 1.9.1
